
Microsoft Visual Studio Solution File, Format Version 12.00
# Visual Studio Version 16
VisualStudioVersion = 16.0.31515.178
MinimumVisualStudioVersion = 10.0.40219.1
Project("{FAE04EC0-301F-11D3-BF4B-00C04F79EFBC}") = "BetterMarriage", "BetterMarriage\BetterMarriage.csproj", "{36DF4D75-55D4-4A03-A28E-38577319E49D}"
EndProject
Global
	GlobalSection(SolutionConfigurationPlatforms) = preSolution
		Debug|Any CPU = Debug|Any CPU
		Release|Any CPU = Release|Any CPU
	EndGlobalSection
	GlobalSection(ProjectConfigurationPlatforms) = postSolution
		{36DF4D75-55D4-4A03-A28E-38577319E49D}.Debug|Any CPU.ActiveCfg = Debug|Any CPU
		{36DF4D75-55D4-4A03-A28E-38577319E49D}.Debug|Any CPU.Build.0 = Debug|Any CPU
		{36DF4D75-55D4-4A03-A28E-38577319E49D}.Release|Any CPU.ActiveCfg = Release|Any CPU
		{36DF4D75-55D4-4A03-A28E-38577319E49D}.Release|Any CPU.Build.0 = Release|Any CPU
	EndGlobalSection
	GlobalSection(SolutionProperties) = preSolution
		HideSolutionNode = FALSE
	EndGlobalSection
	GlobalSection(ExtensibilityGlobals) = postSolution
		SolutionGuid = {AFD790F2-F3A7-4557-BCF1-D6FFF7E75317}
	EndGlobalSection
EndGlobal
